
Microsoft Visual Studio Solution File, Format Version 12.00
# Visual Studio Version 16
VisualStudioVersion = 16.0.30011.22
MinimumVisualStudioVersion = 10.0.40219.1
Project("{9A19103F-16F7-4668-BE54-9A1E7A4F7556}") = "Blazor.MVVM", "Blazor.MVVM\Blazor.MVVM.csproj", "{7804851A-3A53-450B-91E3-BF24C8B9B072}"
EndProject
Project("{FAE04EC0-301F-11D3-BF4B-00C04F79EFBC}") = "Example", "Example\Example.csproj", "{D6C7BB17-E106-4FF8-A496-56ED59EF1BA4}"
EndProject
Global
	GlobalSection(SolutionConfigurationPlatforms) = preSolution
		Debug|Any CPU = Debug|Any CPU
		DebugTest|Any CPU = DebugTest|Any CPU
		Release|Any CPU = Release|Any CPU
	EndGlobalSection
	GlobalSection(ProjectConfigurationPlatforms) = postSolution
		{7804851A-3A53-450B-91E3-BF24C8B9B072}.Debug|Any CPU.ActiveCfg = Debug|Any CPU
		{7804851A-3A53-450B-91E3-BF24C8B9B072}.Debug|Any CPU.Build.0 = Debug|Any CPU
		{7804851A-3A53-450B-91E3-BF24C8B9B072}.DebugTest|Any CPU.ActiveCfg = Debug|Any CPU
		{7804851A-3A53-450B-91E3-BF24C8B9B072}.DebugTest|Any CPU.Build.0 = Debug|Any CPU
		{7804851A-3A53-450B-91E3-BF24C8B9B072}.Release|Any CPU.ActiveCfg = Release|Any CPU
		{7804851A-3A53-450B-91E3-BF24C8B9B072}.Release|Any CPU.Build.0 = Release|Any CPU
		{D6C7BB17-E106-4FF8-A496-56ED59EF1BA4}.Debug|Any CPU.ActiveCfg = Debug|Any CPU
		{D6C7BB17-E106-4FF8-A496-56ED59EF1BA4}.Debug|Any CPU.Build.0 = Debug|Any CPU
		{D6C7BB17-E106-4FF8-A496-56ED59EF1BA4}.DebugTest|Any CPU.ActiveCfg = Debug|Any CPU
		{D6C7BB17-E106-4FF8-A496-56ED59EF1BA4}.DebugTest|Any CPU.Build.0 = Debug|Any CPU
		{D6C7BB17-E106-4FF8-A496-56ED59EF1BA4}.Release|Any CPU.ActiveCfg = Release|Any CPU
		{D6C7BB17-E106-4FF8-A496-56ED59EF1BA4}.Release|Any CPU.Build.0 = Release|Any CPU
	EndGlobalSection
	GlobalSection(SolutionProperties) = preSolution
		HideSolutionNode = FALSE
	EndGlobalSection
	GlobalSection(ExtensibilityGlobals) = postSolution
		SolutionGuid = {B60C2651-E065-47C5-82CC-DEE95A9CDC17}
	EndGlobalSection
EndGlobal
